
Microsoft Visual Studio Solution File, Format Version 12.00
# Visual Studio Version 17
VisualStudioVersion = 17.9.34622.214
MinimumVisualStudioVersion = 10.0.40219.1
Project("{FAE04EC0-301F-11D3-BF4B-00C04F79EFBC}") = "01-CSharpTutorial", "01-CSharpTutorial.csproj", "{B85D3B7D-2A80-4029-B975-6E881203AC5A}"
EndProject
Project("{FAE04EC0-301F-11D3-BF4B-00C04F79EFBC}") = "02-Clases", "..\02-Clases\02-Clases.csproj", "{00B83443-665D-4870-BCD6-D1D955AE187B}"
EndProject
Project("{FAE04EC0-301F-11D3-BF4B-00C04F79EFBC}") = "03-Namespace", "..\03-Namespace\03-Namespace.csproj", "{2A8C085C-ACD7-4580-9190-1A54A8AF5686}"
EndProject
Project("{FAE04EC0-301F-11D3-BF4B-00C04F79EFBC}") = "04-Variables", "..\04-Variables\04-Variables.csproj", "{4458E573-87AB-44BD-A8EF-BA94F78838A1}"
EndProject
Project("{FAE04EC0-301F-11D3-BF4B-00C04F79EFBC}") = "05-Var", "..\05-Var\05-Var.csproj", "{00A1E6D3-8216-42D4-99A2-3B1150D8C827}"
EndProject
Project("{FAE04EC0-301F-11D3-BF4B-00C04F79EFBC}") = "06-TipoDatos", "..\06-TipoDatos\06-TipoDatos.csproj", "{DC761836-A487-481B-B2F7-E2236EDFCD07}"
EndProject
Global
	GlobalSection(SolutionConfigurationPlatforms) = preSolution
		Debug|Any CPU = Debug|Any CPU
		Release|Any CPU = Release|Any CPU
	EndGlobalSection
	GlobalSection(ProjectConfigurationPlatforms) = postSolution
		{B85D3B7D-2A80-4029-B975-6E881203AC5A}.Debug|Any CPU.ActiveCfg = Debug|Any CPU
		{B85D3B7D-2A80-4029-B975-6E881203AC5A}.Debug|Any CPU.Build.0 = Debug|Any CPU
		{B85D3B7D-2A80-4029-B975-6E881203AC5A}.Release|Any CPU.ActiveCfg = Release|Any CPU
		{B85D3B7D-2A80-4029-B975-6E881203AC5A}.Release|Any CPU.Build.0 = Release|Any CPU
		{00B83443-665D-4870-BCD6-D1D955AE187B}.Debug|Any CPU.ActiveCfg = Debug|Any CPU
		{00B83443-665D-4870-BCD6-D1D955AE187B}.Debug|Any CPU.Build.0 = Debug|Any CPU
		{00B83443-665D-4870-BCD6-D1D955AE187B}.Release|Any CPU.ActiveCfg = Release|Any CPU
		{00B83443-665D-4870-BCD6-D1D955AE187B}.Release|Any CPU.Build.0 = Release|Any CPU
		{2A8C085C-ACD7-4580-9190-1A54A8AF5686}.Debug|Any CPU.ActiveCfg = Debug|Any CPU
		{2A8C085C-ACD7-4580-9190-1A54A8AF5686}.Debug|Any CPU.Build.0 = Debug|Any CPU
		{2A8C085C-ACD7-4580-9190-1A54A8AF5686}.Release|Any CPU.ActiveCfg = Release|Any CPU
		{2A8C085C-ACD7-4580-9190-1A54A8AF5686}.Release|Any CPU.Build.0 = Release|Any CPU
		{4458E573-87AB-44BD-A8EF-BA94F78838A1}.Debug|Any CPU.ActiveCfg = Debug|Any CPU
		{4458E573-87AB-44BD-A8EF-BA94F78838A1}.Debug|Any CPU.Build.0 = Debug|Any CPU
		{4458E573-87AB-44BD-A8EF-BA94F78838A1}.Release|Any CPU.ActiveCfg = Release|Any CPU
		{4458E573-87AB-44BD-A8EF-BA94F78838A1}.Release|Any CPU.Build.0 = Release|Any CPU
		{00A1E6D3-8216-42D4-99A2-3B1150D8C827}.Debug|Any CPU.ActiveCfg = Debug|Any CPU
		{00A1E6D3-8216-42D4-99A2-3B1150D8C827}.Debug|Any CPU.Build.0 = Debug|Any CPU
		{00A1E6D3-8216-42D4-99A2-3B1150D8C827}.Release|Any CPU.ActiveCfg = Release|Any CPU
		{00A1E6D3-8216-42D4-99A2-3B1150D8C827}.Release|Any CPU.Build.0 = Release|Any CPU
		{DC761836-A487-481B-B2F7-E2236EDFCD07}.Debug|Any CPU.ActiveCfg = Debug|Any CPU
		{DC761836-A487-481B-B2F7-E2236EDFCD07}.Debug|Any CPU.Build.0 = Debug|Any CPU
		{DC761836-A487-481B-B2F7-E2236EDFCD07}.Release|Any CPU.ActiveCfg = Release|Any CPU
		{DC761836-A487-481B-B2F7-E2236EDFCD07}.Release|Any CPU.Build.0 = Release|Any CPU
	EndGlobalSection
	GlobalSection(SolutionProperties) = preSolution
		HideSolutionNode = FALSE
	EndGlobalSection
	GlobalSection(ExtensibilityGlobals) = postSolution
		SolutionGuid = {8A7861E7-41BC-44A1-A550-AE6FEABB5A09}
	EndGlobalSection
EndGlobal
