
Microsoft Visual Studio Solution File, Format Version 12.00
# Visual Studio Version 17
VisualStudioVersion = 17.9.34622.214
MinimumVisualStudioVersion = 10.0.40219.1
Project("{FAE04EC0-301F-11D3-BF4B-00C04F79EFBC}") = "01-CSharpTutorial", "01-CSharpTutorial.csproj", "{B85D3B7D-2A80-4029-B975-6E881203AC5A}"
EndProject
Project("{FAE04EC0-301F-11D3-BF4B-00C04F79EFBC}") = "02-Clases", "..\02-Clases\02-Clases.csproj", "{00B83443-665D-4870-BCD6-D1D955AE187B}"
EndProject
Project("{FAE04EC0-301F-11D3-BF4B-00C04F79EFBC}") = "03-Namespace", "..\03-Namespace\03-Namespace.csproj", "{2A8C085C-ACD7-4580-9190-1A54A8AF5686}"
EndProject
Project("{FAE04EC0-301F-11D3-BF4B-00C04F79EFBC}") = "04-Variables", "..\04-Variables\04-Variables.csproj", "{4458E573-87AB-44BD-A8EF-BA94F78838A1}"
EndProject
Project("{FAE04EC0-301F-11D3-BF4B-00C04F79EFBC}") = "05-Var", "..\05-Var\05-Var.csproj", "{00A1E6D3-8216-42D4-99A2-3B1150D8C827}"
EndProject
Project("{FAE04EC0-301F-11D3-BF4B-00C04F79EFBC}") = "06-TipoDatos", "..\06-TipoDatos\06-TipoDatos.csproj", "{DC761836-A487-481B-B2F7-E2236EDFCD07}"
EndProject
Project("{FAE04EC0-301F-11D3-BF4B-00C04F79EFBC}") = "07-Numeros", "..\07-Numeros\07-Numeros.csproj", "{202BF827-9CFD-4139-B92D-6BE3C2F3AA19}"
EndProject
Project("{FAE04EC0-301F-11D3-BF4B-00C04F79EFBC}") = "08-Cadenas", "..\08-Cadenas\08-Cadenas.csproj", "{C9379BCE-8D25-442A-9BDC-0B00B5F5A265}"
EndProject
Project("{FAE04EC0-301F-11D3-BF4B-00C04F79EFBC}") = "09-DateTime", "..\09-DateTime\09-DateTime.csproj", "{69B4E8F8-F556-48D3-BA36-4263374999D4}"
EndProject
Project("{FAE04EC0-301F-11D3-BF4B-00C04F79EFBC}") = "10-Structuras", "..\10-Structuras\10-Structuras.csproj", "{CDD75133-B7DB-4C44-93A5-56F7E29A4DDF}"
EndProject
Project("{FAE04EC0-301F-11D3-BF4B-00C04F79EFBC}") = "11-Enumeracion", "..\11-Enumeracion\11-Enumeracion.csproj", "{C5000EDB-9A5C-409F-8F61-66C71D84D440}"
EndProject
Project("{FAE04EC0-301F-11D3-BF4B-00C04F79EFBC}") = "12- StringBuilder", "..\12- StringBuilder\12- StringBuilder.csproj", "{F55BAD47-8D42-4766-A56E-195A9B8904D2}"
EndProject
Project("{FAE04EC0-301F-11D3-BF4B-00C04F79EFBC}") = "13-Anonimo", "..\13-Anonimo\13-Anonimo.csproj", "{B9135464-D8A7-4836-8503-8205C1D02C54}"
EndProject
Project("{FAE04EC0-301F-11D3-BF4B-00C04F79EFBC}") = "14-Dinamicos", "..\14-Dinamicos\14-Dinamicos.csproj", "{C715EB80-6208-4525-9422-F2A3E15A1D93}"
EndProject
Project("{FAE04EC0-301F-11D3-BF4B-00C04F79EFBC}") = "15-Null", "..\15-Null\15-Null.csproj", "{27683F79-BDB0-4AF7-95DA-8CB799E294E8}"
EndProject
Project("{9A19103F-16F7-4668-BE54-9A1E7A4F7556}") = "15-1-Null", "..\15-1-Null\15-1-Null.csproj", "{3E7C983D-C8EF-435B-A24A-2ABC2F893F60}"
EndProject
Project("{FAE04EC0-301F-11D3-BF4B-00C04F79EFBC}") = "16-ValueTypesAndReferenceType", "..\16-ValueTypesAndReferenceType\16-ValueTypesAndReferenceType.csproj", "{C4BA100F-1824-4406-9193-DE87BE743AF6}"
EndProject
Project("{FAE04EC0-301F-11D3-BF4B-00C04F79EFBC}") = "17-Interfaces", "..\17-Interfaces\17-Interfaces.csproj", "{634CB3CF-5E6B-4393-8F68-407D8C2C7BB0}"
EndProject
Project("{9A19103F-16F7-4668-BE54-9A1E7A4F7556}") = "18-Operandos", "..\18-Operandos\18-Operandos.csproj", "{9AA43BC1-9D2B-4174-9157-0408BF049F55}"
EndProject
Project("{FAE04EC0-301F-11D3-BF4B-00C04F79EFBC}") = "19-PartialClass", "..\19-PartialClass\19-PartialClass.csproj", "{EE7E1E66-D2F9-4C08-BFC1-AFA40EA8A0C7}"
EndProject
Global
	GlobalSection(SolutionConfigurationPlatforms) = preSolution
		Debug|Any CPU = Debug|Any CPU
		Release|Any CPU = Release|Any CPU
	EndGlobalSection
	GlobalSection(ProjectConfigurationPlatforms) = postSolution
		{B85D3B7D-2A80-4029-B975-6E881203AC5A}.Debug|Any CPU.ActiveCfg = Debug|Any CPU
		{B85D3B7D-2A80-4029-B975-6E881203AC5A}.Debug|Any CPU.Build.0 = Debug|Any CPU
		{B85D3B7D-2A80-4029-B975-6E881203AC5A}.Release|Any CPU.ActiveCfg = Release|Any CPU
		{B85D3B7D-2A80-4029-B975-6E881203AC5A}.Release|Any CPU.Build.0 = Release|Any CPU
		{00B83443-665D-4870-BCD6-D1D955AE187B}.Debug|Any CPU.ActiveCfg = Debug|Any CPU
		{00B83443-665D-4870-BCD6-D1D955AE187B}.Debug|Any CPU.Build.0 = Debug|Any CPU
		{00B83443-665D-4870-BCD6-D1D955AE187B}.Release|Any CPU.ActiveCfg = Release|Any CPU
		{00B83443-665D-4870-BCD6-D1D955AE187B}.Release|Any CPU.Build.0 = Release|Any CPU
		{2A8C085C-ACD7-4580-9190-1A54A8AF5686}.Debug|Any CPU.ActiveCfg = Debug|Any CPU
		{2A8C085C-ACD7-4580-9190-1A54A8AF5686}.Debug|Any CPU.Build.0 = Debug|Any CPU
		{2A8C085C-ACD7-4580-9190-1A54A8AF5686}.Release|Any CPU.ActiveCfg = Release|Any CPU
		{2A8C085C-ACD7-4580-9190-1A54A8AF5686}.Release|Any CPU.Build.0 = Release|Any CPU
		{4458E573-87AB-44BD-A8EF-BA94F78838A1}.Debug|Any CPU.ActiveCfg = Debug|Any CPU
		{4458E573-87AB-44BD-A8EF-BA94F78838A1}.Debug|Any CPU.Build.0 = Debug|Any CPU
		{4458E573-87AB-44BD-A8EF-BA94F78838A1}.Release|Any CPU.ActiveCfg = Release|Any CPU
		{4458E573-87AB-44BD-A8EF-BA94F78838A1}.Release|Any CPU.Build.0 = Release|Any CPU
		{00A1E6D3-8216-42D4-99A2-3B1150D8C827}.Debug|Any CPU.ActiveCfg = Debug|Any CPU
		{00A1E6D3-8216-42D4-99A2-3B1150D8C827}.Debug|Any CPU.Build.0 = Debug|Any CPU
		{00A1E6D3-8216-42D4-99A2-3B1150D8C827}.Release|Any CPU.ActiveCfg = Release|Any CPU
		{00A1E6D3-8216-42D4-99A2-3B1150D8C827}.Release|Any CPU.Build.0 = Release|Any CPU
		{DC761836-A487-481B-B2F7-E2236EDFCD07}.Debug|Any CPU.ActiveCfg = Debug|Any CPU
		{DC761836-A487-481B-B2F7-E2236EDFCD07}.Debug|Any CPU.Build.0 = Debug|Any CPU
		{DC761836-A487-481B-B2F7-E2236EDFCD07}.Release|Any CPU.ActiveCfg = Release|Any CPU
		{DC761836-A487-481B-B2F7-E2236EDFCD07}.Release|Any CPU.Build.0 = Release|Any CPU
		{202BF827-9CFD-4139-B92D-6BE3C2F3AA19}.Debug|Any CPU.ActiveCfg = Debug|Any CPU
		{202BF827-9CFD-4139-B92D-6BE3C2F3AA19}.Debug|Any CPU.Build.0 = Debug|Any CPU
		{202BF827-9CFD-4139-B92D-6BE3C2F3AA19}.Release|Any CPU.ActiveCfg = Release|Any CPU
		{202BF827-9CFD-4139-B92D-6BE3C2F3AA19}.Release|Any CPU.Build.0 = Release|Any CPU
		{C9379BCE-8D25-442A-9BDC-0B00B5F5A265}.Debug|Any CPU.ActiveCfg = Debug|Any CPU
		{C9379BCE-8D25-442A-9BDC-0B00B5F5A265}.Debug|Any CPU.Build.0 = Debug|Any CPU
		{C9379BCE-8D25-442A-9BDC-0B00B5F5A265}.Release|Any CPU.ActiveCfg = Release|Any CPU
		{C9379BCE-8D25-442A-9BDC-0B00B5F5A265}.Release|Any CPU.Build.0 = Release|Any CPU
		{69B4E8F8-F556-48D3-BA36-4263374999D4}.Debug|Any CPU.ActiveCfg = Debug|Any CPU
		{69B4E8F8-F556-48D3-BA36-4263374999D4}.Debug|Any CPU.Build.0 = Debug|Any CPU
		{69B4E8F8-F556-48D3-BA36-4263374999D4}.Release|Any CPU.ActiveCfg = Release|Any CPU
		{69B4E8F8-F556-48D3-BA36-4263374999D4}.Release|Any CPU.Build.0 = Release|Any CPU
		{CDD75133-B7DB-4C44-93A5-56F7E29A4DDF}.Debug|Any CPU.ActiveCfg = Debug|Any CPU
		{CDD75133-B7DB-4C44-93A5-56F7E29A4DDF}.Debug|Any CPU.Build.0 = Debug|Any CPU
		{CDD75133-B7DB-4C44-93A5-56F7E29A4DDF}.Release|Any CPU.ActiveCfg = Release|Any CPU
		{CDD75133-B7DB-4C44-93A5-56F7E29A4DDF}.Release|Any CPU.Build.0 = Release|Any CPU
		{C5000EDB-9A5C-409F-8F61-66C71D84D440}.Debug|Any CPU.ActiveCfg = Debug|Any CPU
		{C5000EDB-9A5C-409F-8F61-66C71D84D440}.Debug|Any CPU.Build.0 = Debug|Any CPU
		{C5000EDB-9A5C-409F-8F61-66C71D84D440}.Release|Any CPU.ActiveCfg = Release|Any CPU
		{C5000EDB-9A5C-409F-8F61-66C71D84D440}.Release|Any CPU.Build.0 = Release|Any CPU
		{F55BAD47-8D42-4766-A56E-195A9B8904D2}.Debug|Any CPU.ActiveCfg = Debug|Any CPU
		{F55BAD47-8D42-4766-A56E-195A9B8904D2}.Debug|Any CPU.Build.0 = Debug|Any CPU
		{F55BAD47-8D42-4766-A56E-195A9B8904D2}.Release|Any CPU.ActiveCfg = Release|Any CPU
		{F55BAD47-8D42-4766-A56E-195A9B8904D2}.Release|Any CPU.Build.0 = Release|Any CPU
		{B9135464-D8A7-4836-8503-8205C1D02C54}.Debug|Any CPU.ActiveCfg = Debug|Any CPU
		{B9135464-D8A7-4836-8503-8205C1D02C54}.Debug|Any CPU.Build.0 = Debug|Any CPU
		{B9135464-D8A7-4836-8503-8205C1D02C54}.Release|Any CPU.ActiveCfg = Release|Any CPU
		{B9135464-D8A7-4836-8503-8205C1D02C54}.Release|Any CPU.Build.0 = Release|Any CPU
		{C715EB80-6208-4525-9422-F2A3E15A1D93}.Debug|Any CPU.ActiveCfg = Debug|Any CPU
		{C715EB80-6208-4525-9422-F2A3E15A1D93}.Debug|Any CPU.Build.0 = Debug|Any CPU
		{C715EB80-6208-4525-9422-F2A3E15A1D93}.Release|Any CPU.ActiveCfg = Release|Any CPU
		{C715EB80-6208-4525-9422-F2A3E15A1D93}.Release|Any CPU.Build.0 = Release|Any CPU
		{27683F79-BDB0-4AF7-95DA-8CB799E294E8}.Debug|Any CPU.ActiveCfg = Debug|Any CPU
		{27683F79-BDB0-4AF7-95DA-8CB799E294E8}.Debug|Any CPU.Build.0 = Debug|Any CPU
		{27683F79-BDB0-4AF7-95DA-8CB799E294E8}.Release|Any CPU.ActiveCfg = Release|Any CPU
		{27683F79-BDB0-4AF7-95DA-8CB799E294E8}.Release|Any CPU.Build.0 = Release|Any CPU
		{3E7C983D-C8EF-435B-A24A-2ABC2F893F60}.Debug|Any CPU.ActiveCfg = Debug|Any CPU
		{3E7C983D-C8EF-435B-A24A-2ABC2F893F60}.Debug|Any CPU.Build.0 = Debug|Any CPU
		{3E7C983D-C8EF-435B-A24A-2ABC2F893F60}.Release|Any CPU.ActiveCfg = Release|Any CPU
		{3E7C983D-C8EF-435B-A24A-2ABC2F893F60}.Release|Any CPU.Build.0 = Release|Any CPU
		{C4BA100F-1824-4406-9193-DE87BE743AF6}.Debug|Any CPU.ActiveCfg = Debug|Any CPU
		{C4BA100F-1824-4406-9193-DE87BE743AF6}.Debug|Any CPU.Build.0 = Debug|Any CPU
		{C4BA100F-1824-4406-9193-DE87BE743AF6}.Release|Any CPU.ActiveCfg = Release|Any CPU
		{C4BA100F-1824-4406-9193-DE87BE743AF6}.Release|Any CPU.Build.0 = Release|Any CPU
		{634CB3CF-5E6B-4393-8F68-407D8C2C7BB0}.Debug|Any CPU.ActiveCfg = Debug|Any CPU
		{634CB3CF-5E6B-4393-8F68-407D8C2C7BB0}.Debug|Any CPU.Build.0 = Debug|Any CPU
		{634CB3CF-5E6B-4393-8F68-407D8C2C7BB0}.Release|Any CPU.ActiveCfg = Release|Any CPU
		{634CB3CF-5E6B-4393-8F68-407D8C2C7BB0}.Release|Any CPU.Build.0 = Release|Any CPU
		{9AA43BC1-9D2B-4174-9157-0408BF049F55}.Debug|Any CPU.ActiveCfg = Debug|Any CPU
		{9AA43BC1-9D2B-4174-9157-0408BF049F55}.Debug|Any CPU.Build.0 = Debug|Any CPU
		{9AA43BC1-9D2B-4174-9157-0408BF049F55}.Release|Any CPU.ActiveCfg = Release|Any CPU
		{9AA43BC1-9D2B-4174-9157-0408BF049F55}.Release|Any CPU.Build.0 = Release|Any CPU
		{EE7E1E66-D2F9-4C08-BFC1-AFA40EA8A0C7}.Debug|Any CPU.ActiveCfg = Debug|Any CPU
		{EE7E1E66-D2F9-4C08-BFC1-AFA40EA8A0C7}.Debug|Any CPU.Build.0 = Debug|Any CPU
		{EE7E1E66-D2F9-4C08-BFC1-AFA40EA8A0C7}.Release|Any CPU.ActiveCfg = Release|Any CPU
		{EE7E1E66-D2F9-4C08-BFC1-AFA40EA8A0C7}.Release|Any CPU.Build.0 = Release|Any CPU
	EndGlobalSection
	GlobalSection(SolutionProperties) = preSolution
		HideSolutionNode = FALSE
	EndGlobalSection
	GlobalSection(ExtensibilityGlobals) = postSolution
		SolutionGuid = {8A7861E7-41BC-44A1-A550-AE6FEABB5A09}
	EndGlobalSection
EndGlobal
